{
  "version": 4,
  "terraform_version": "0.14.9",
  "serial": 3,
  "lineage": "26d360b8-7e58-ae2b-d5dc-41695f99e9c0",
  "outputs": {},
  "resources": [
    {
      "mode": "data",
      "type": "digitalocean_ssh_key",
      "name": "terraform",
      "provider": "provider[\"registry.terraform.io/digitalocean/digitalocean\"]",
      "instances": [
        {
          "schema_version": 0,
          "attributes": {
            "fingerprint": "c5:b3:45:51:fb:ca:89:ce:45:d0:c6:8b:e8:ed:be:2b",
            "id": "29899982",
            "name": "tf-do",
            "public_key": "ssh-rsa AAAAB3NzaC1yc2EAAAADAQABAAABAQDA9Avzhpygm2S7DhjwvZjOT7W67b77XUC/Dbg0rXD/1/0cmlpHGxxn4mzI/uYhyCtU1DRiraN6Z9T/fvlc+MsDCzW5+qxEEIefEJNf1r0E6Nu/pxfUFGgDXOkyBS3a4yM7XBFPHUb/Q8OGEbBD0ofKDLyWR9izwr94MoijQ2nSJoEl5AqB+Kg3LH6/yoJLuWT58t9EMq/Kzr/YKn6V78zJPqR9p44nU3QELV9oZoMPqeYIvEx3YLMLBgqeveCol3A1rT1Vxe2BlpTvUaiL4qML3NFBbCmbdloD30mZptuWgsw6Ku+w3zjKmYltPkGQlPdL38d6mSKNdN14Y4vIvrLp kapitalho\\mahmudoves@KAPIT1204"
          },
          "sensitive_attributes": []
        }
      ]
    },
    {
      "mode": "managed",
      "type": "digitalocean_droplet",
      "name": "www-1",
      "provider": "provider[\"registry.terraform.io/digitalocean/digitalocean\"]",
      "instances": [
        {
          "status": "tainted",
          "schema_version": 1,
          "attributes": {
            "backups": false,
            "created_at": "2021-03-27T09:46:58Z",
            "disk": 25,
            "id": "238796005",
            "image": "ubuntu-18-04-x64",
            "ipv4_address": "",
            "ipv4_address_private": "",
            "ipv6": false,
            "ipv6_address": "",
            "ipv6_address_private": null,
            "locked": false,
            "memory": 1024,
            "monitoring": false,
            "name": "www-1",
            "price_hourly": 0.00744,
            "price_monthly": 5,
            "private_networking": false,
            "region": "nyc3",
            "resize_disk": true,
            "size": "s-1vcpu-1gb",
            "ssh_keys": [
              "29853048"
            ],
            "status": "active",
            "tags": [],
            "urn": "do:droplet:238796005",
            "user_data": null,
            "vcpus": 1,
            "volume_ids": [],
            "vpc_uuid": ""
          },
          "sensitive_attributes": []
        }
      ]
    },
    {
      "mode": "managed",
      "type": "digitalocean_droplet",
      "name": "www-ts",
      "provider": "provider[\"registry.terraform.io/digitalocean/digitalocean\"]",
      "instances": [
        {
          "status": "tainted",
          "schema_version": 1,
          "attributes": {
            "backups": false,
            "created_at": "2021-03-27T10:19:31Z",
            "disk": 25,
            "id": "238798669",
            "image": "ubuntu-18-04-x64",
            "ipv4_address": "104.236.46.124",
            "ipv4_address_private": "10.108.0.2",
            "ipv6": false,
            "ipv6_address": "",
            "ipv6_address_private": null,
            "locked": false,
            "memory": 1024,
            "monitoring": false,
            "name": "www-1",
            "price_hourly": 0.00744,
            "price_monthly": 5,
            "private_networking": true,
            "region": "nyc3",
            "resize_disk": true,
            "size": "s-1vcpu-1gb",
            "ssh_keys": [
              "29899982"
            ],
            "status": "active",
            "tags": null,
            "urn": "do:droplet:238798669",
            "user_data": null,
            "vcpus": 1,
            "volume_ids": [],
            "vpc_uuid": "277101fe-1532-430e-9ec6-9572e3dd958b"
          },
          "sensitive_attributes": [],
          "private": "eyJzY2hlbWFfdmVyc2lvbiI6IjEifQ==",
          "dependencies": [
            "data.digitalocean_ssh_key.terraform"
          ]
        }
      ]
    }
  ]
}
